{
  "name": "supercode-monorepo",
  "version": "0.1.0",
  "lockfileVersion": 3,
  "requires": true,
  "packages": {
    "": {
      "name": "supercode-monorepo",
      "version": "0.1.0",
      "license": "MIT",
      "workspaces": [
        "packages/*"
      ],
      "devDependencies": {
        "@types/node": "^22.15.3",
        "typescript": "^5.8.3"
      }
    },
    "node_modules/@nareshdama/core": {
      "resolved": "packages/core",
      "link": true
    },
    "node_modules/@nareshdama/create-supercode": {
      "resolved": "packages/create-supercode",
      "link": true
    },
    "node_modules/@nareshdama/detect": {
      "resolved": "packages/detect",
      "link": true
    },
    "node_modules/@nareshdama/mcp": {
      "resolved": "packages/mcp",
      "link": true
    },
    "node_modules/@nareshdama/memory": {
      "resolved": "packages/memory",
      "link": true
    },
    "node_modules/@nareshdama/models": {
      "resolved": "packages/models",
      "link": true
    },
    "node_modules/@nareshdama/permissions": {
      "resolved": "packages/permissions",
      "link": true
    },
    "node_modules/@nareshdama/progress": {
      "resolved": "packages/progress",
      "link": true
    },
    "node_modules/@nareshdama/state": {
      "resolved": "packages/state",
      "link": true
    },
    "node_modules/@nareshdama/supercode": {
      "resolved": "packages/cli",
      "link": true
    },
    "node_modules/@nareshdama/tasks": {
      "resolved": "packages/tasks",
      "link": true
    },
    "node_modules/@nareshdama/tools": {
      "resolved": "packages/tools",
      "link": true
    },
    "node_modules/@nareshdama/workflows": {
      "resolved": "packages/workflows",
      "link": true
    },
    "node_modules/@types/node": {
      "version": "22.19.15",
      "resolved": "https://registry.npmjs.org/@types/node/-/node-22.19.15.tgz",
      "integrity": "sha512-F0R/h2+dsy5wJAUe3tAU6oqa2qbWY5TpNfL/RGmo1y38hiyO1w3x2jPtt76wmuaJI4DQnOBu21cNXQ2STIUUWg==",
      "dev": true,
      "license": "MIT",
      "dependencies": {
        "undici-types": "~6.21.0"
      }
    },
    "node_modules/typescript": {
      "version": "5.9.3",
      "resolved": "https://registry.npmjs.org/typescript/-/typescript-5.9.3.tgz",
      "integrity": "sha512-jl1vZzPDinLr9eUt3J/t7V6FgNEw9QjvBPdysz9KfQDD41fQrC2Y4vKQdiaUpFT4bXlb1RHhLpp8wtm6M5TgSw==",
      "dev": true,
      "license": "Apache-2.0",
      "bin": {
        "tsc": "bin/tsc",
        "tsserver": "bin/tsserver"
      },
      "engines": {
        "node": ">=14.17"
      }
    },
    "node_modules/undici-types": {
      "version": "6.21.0",
      "resolved": "https://registry.npmjs.org/undici-types/-/undici-types-6.21.0.tgz",
      "integrity": "sha512-iwDZqg0QAGrg9Rav5H4n0M64c3mkR59cJ6wQp+7C4nI0gsmExaedaYLNO44eT4AtBBwjbTiGPMlt2Md0T9H9JQ==",
      "dev": true,
      "license": "MIT"
    },
    "packages/cli": {
      "name": "@nareshdama/supercode",
      "version": "0.1.0",
      "dependencies": {
        "@nareshdama/core": "0.1.0",
        "@nareshdama/detect": "0.1.0",
        "@nareshdama/mcp": "0.1.0",
        "@nareshdama/memory": "0.1.0",
        "@nareshdama/models": "0.1.0",
        "@nareshdama/permissions": "0.1.0",
        "@nareshdama/progress": "0.1.0",
        "@nareshdama/state": "0.1.0",
        "@nareshdama/tasks": "0.1.0",
        "@nareshdama/tools": "0.1.0",
        "@nareshdama/workflows": "0.1.0"
      },
      "bin": {
        "supercode": "dist/index.js"
      }
    },
    "packages/core": {
      "name": "@nareshdama/core",
      "version": "0.1.0"
    },
    "packages/create-supercode": {
      "name": "@nareshdama/create-supercode",
      "version": "0.1.0",
      "dependencies": {
        "@nareshdama/core": "0.1.0",
        "@nareshdama/detect": "0.1.0",
        "@nareshdama/supercode": "0.1.0",
        "@nareshdama/workflows": "0.1.0"
      },
      "bin": {
        "create-supercode": "dist/index.js"
      }
    },
    "packages/detect": {
      "name": "@nareshdama/detect",
      "version": "0.1.0",
      "dependencies": {
        "@nareshdama/core": "0.1.0",
        "@nareshdama/models": "0.1.0"
      }
    },
    "packages/mcp": {
      "name": "@nareshdama/mcp",
      "version": "0.1.0",
      "dependencies": {
        "@nareshdama/core": "0.1.0"
      }
    },
    "packages/memory": {
      "name": "@nareshdama/memory",
      "version": "0.1.0",
      "dependencies": {
        "@nareshdama/core": "0.1.0"
      }
    },
    "packages/models": {
      "name": "@nareshdama/models",
      "version": "0.1.0",
      "dependencies": {
        "@nareshdama/core": "0.1.0"
      }
    },
    "packages/permissions": {
      "name": "@nareshdama/permissions",
      "version": "0.1.0",
      "dependencies": {
        "@nareshdama/core": "0.1.0"
      }
    },
    "packages/progress": {
      "name": "@nareshdama/progress",
      "version": "0.1.0",
      "dependencies": {
        "@nareshdama/core": "0.1.0"
      }
    },
    "packages/state": {
      "name": "@nareshdama/state",
      "version": "0.1.0",
      "dependencies": {
        "@nareshdama/core": "0.1.0"
      }
    },
    "packages/tasks": {
      "name": "@nareshdama/tasks",
      "version": "0.1.0",
      "dependencies": {
        "@nareshdama/core": "0.1.0"
      }
    },
    "packages/tools": {
      "name": "@nareshdama/tools",
      "version": "0.1.0",
      "dependencies": {
        "@nareshdama/core": "0.1.0"
      }
    },
    "packages/workflows": {
      "name": "@nareshdama/workflows",
      "version": "0.1.0",
      "dependencies": {
        "@nareshdama/core": "0.1.0"
      }
    }
  }
}
